# THIS IS AN AUTOGENERATED FILE. DO NOT EDIT THIS FILE DIRECTLY.
# yarn lockfile v1


emoji-regex@9.2.1:
  version "9.2.1"
  resolved "https://registry.yarnpkg.com/emoji-regex/-/emoji-regex-9.2.1.tgz#c9b25604256bb3428964bead3ab63069d736f7ee"
  integrity sha512-117l1H6U4X3Krn+MrzYrL57d5H7siRHWraBs7s+LjRuFK7Fe7hJqnJ0skWlinqsycVLU5YAo6L8CsEYQ0V5prg==
