# THIS IS AN AUTOGENERATED FILE. DO NOT EDIT THIS FILE DIRECTLY.
# yarn lockfile v1


emoji-regex@9.2.0:
  version "9.2.0"
  resolved "https://registry.yarnpkg.com/emoji-regex/-/emoji-regex-9.2.0.tgz#a26da8e832b16a9753309f25e35e3c0efb9a066a"
  integrity sha512-DNc3KFPK18bPdElMJnf/Pkv5TXhxFU3YFDEuGLDRtPmV4rkmCjBkCSEp22u6rBHdSN9Vlp/GK7k98prmE1Jgug==
